{
  "name": "windows-theme-changes",
  "version": "1.0.1",
  "lockfileVersion": 1,
  "requires": true,
  "dependencies": {
    "event-source-base": {
      "version": "1.1.0",
      "resolved": "https://registry.npmjs.org/event-source-base/-/event-source-base-1.1.0.tgz",
      "integrity": "sha512-ZT6cXixxXPYo0NfZ3efE7a+bs7ZpqCN7XKK7FPvmtD/BayFoUOwf6qxlGiw4yJfBPtYo76igIhfEQCUlBUqc4g==",
      "requires": {
        "node-addon-api": "^1.7.1"
      }
    },
    "node-addon-api": {
      "version": "1.7.1",
      "resolved": "https://registry.npmjs.org/node-addon-api/-/node-addon-api-1.7.1.tgz",
      "integrity": "sha512-2+DuKodWvwRTrCfKOeR24KIc5unKjOh8mz17NCzVnHWfjAdDqbfbjqh7gUT+BkXBRQM52+xCHciKWonJ3CbJMQ=="
    },
    "registry-changes-detector": {
      "version": "2.0.0",
      "resolved": "https://registry.npmjs.org/registry-changes-detector/-/registry-changes-detector-2.0.0.tgz",
      "integrity": "sha512-ZGFMNCcHP5LR8xcl6ttIGTOf/Yxe5tBBXBBJYI/mohaXkTVswatBA06jdFOahhV727OLrcahEjT0QW53geSe7w==",
      "requires": {
        "event-source-base": "^1.1.0"
      }
    }
  }
}
