{
  "name": "windows-theme-changes",
  "version": "2.0.1",
  "lockfileVersion": 1,
  "requires": true,
  "dependencies": {
    "event-source-base": {
      "version": "2.0.0",
      "resolved": "https://registry.npmjs.org/event-source-base/-/event-source-base-2.0.0.tgz",
      "integrity": "sha512-jv6sE1pH4EhPqGTq+9lV2PS1SnXA3CHcYYFUTKOQz614zBDXAyj41y0H93k8P2l2CH/Va6d5BzFGSodkaAm6tQ==",
      "requires": {
        "node-addon-api": "^1.7.1"
      }
    },
    "node-addon-api": {
      "version": "1.7.1",
      "resolved": "https://registry.npmjs.org/node-addon-api/-/node-addon-api-1.7.1.tgz",
      "integrity": "sha512-2+DuKodWvwRTrCfKOeR24KIc5unKjOh8mz17NCzVnHWfjAdDqbfbjqh7gUT+BkXBRQM52+xCHciKWonJ3CbJMQ=="
    },
    "registry-changes-detector": {
      "version": "3.0.0",
      "resolved": "https://registry.npmjs.org/registry-changes-detector/-/registry-changes-detector-3.0.0.tgz",
      "integrity": "sha512-OHq4KEBBA97R0G6inWx7T9+vzECoFrPEOBC0yzz/mUW8ijA6qm3yjETfSgDhZBGniSIidi3XuhlWI8IwQXEsuA==",
      "requires": {
        "event-source-base": "^2.0.0"
      }
    }
  }
}
